github.com/ecnepsnai/logtic v1.9.2 h1:RoPIpBRjY5gGN4/WuOwBpYXNH+lIfmj4TwqvLz1CCoQ=
github.com/ecnepsnai/logtic v1.9.2/go.mod h1:fs2kkqGqiX77ejVNBKpSV/dMVtn9bTg9YtHLP9MC0U8=
github.com/ecnepsnai/web v1.8.2 h1:cOHhrffwydP//FfrwKmlK9As9n3pkCMIUlYQ4qNGeIM=
github.com/ecnepsnai/web v1.8.2/go.mod h1:/1Ewy+Pnet6Yw563sfzb3mbCCGRIsrXjKVxa2H8fPs4=
