github.com/ecnepsnai/logtic v1.9.1 h1:EmN1g7p+xtCZMzuICnVSYsNclJSG9n+X3K8FOdffFi8=
github.com/ecnepsnai/logtic v1.9.1/go.mod h1:fs2kkqGqiX77ejVNBKpSV/dMVtn9bTg9YtHLP9MC0U8=
github.com/ecnepsnai/web v1.8.1 h1:LAQezQw4ldKnFbiYU4VyhX+pWn6QOR45Yrg8mp3+J34=
github.com/ecnepsnai/web v1.8.1/go.mod h1:Xgndev6dRBbLzsA8Eowkg+AlJGwHAmYfnRXFnd8Jmvo=
